
Microsoft Visual Studio Solution File, Format Version 12.00
# Visual Studio Version 17
VisualStudioVersion = 17.4.33122.133
MinimumVisualStudioVersion = 10.0.40219.1
Project("{FAE04EC0-301F-11D3-BF4B-00C04F79EFBC}") = "cdn", "cdn\cdn.csproj", "{9B09A43F-8129-42E0-ABC8-28B78D97DEBC}"
EndProject
Global
	GlobalSection(SolutionConfigurationPlatforms) = preSolution
		Debug|Any CPU = Debug|Any CPU
		Release|Any CPU = Release|Any CPU
	EndGlobalSection
	GlobalSection(ProjectConfigurationPlatforms) = postSolution
		{9B09A43F-8129-42E0-ABC8-28B78D97DEBC}.Debug|Any CPU.ActiveCfg = Debug|Any CPU
		{9B09A43F-8129-42E0-ABC8-28B78D97DEBC}.Debug|Any CPU.Build.0 = Debug|Any CPU
		{9B09A43F-8129-42E0-ABC8-28B78D97DEBC}.Release|Any CPU.ActiveCfg = Release|Any CPU
		{9B09A43F-8129-42E0-ABC8-28B78D97DEBC}.Release|Any CPU.Build.0 = Release|Any CPU
	EndGlobalSection
	GlobalSection(SolutionProperties) = preSolution
		HideSolutionNode = FALSE
	EndGlobalSection
	GlobalSection(ExtensibilityGlobals) = postSolution
		SolutionGuid = {5A520E09-F8FA-4A2F-8F14-D61517E76C93}
	EndGlobalSection
EndGlobal
